<?xml version="1.0" encoding="utf-8"?>
<Project ToolsVersion="17.0" xmlns="http://schemas.microsoft.com/developer/msbuild/2003">
  <ItemGroup>
    <ClCompile Include="Z:\Anime4K-Upscalar-macOS\windows\build-x64\Anime4KUpscaler_autogen\mocs_compilation_Debug.cpp">
      <Filter>Source Files</Filter>
    </ClCompile>
    <ClCompile Include="Z:\Anime4K-Upscalar-macOS\windows\src\main.cpp">
      <Filter>Source Files</Filter>
    </ClCompile>
    <ClCompile Include="Z:\Anime4K-Upscalar-macOS\windows\src\models\Models.cpp">
      <Filter>Source Files</Filter>
    </ClCompile>
    <ClCompile Include="Z:\Anime4K-Upscalar-macOS\windows\src\models\CompressModels.cpp">
      <Filter>Source Files</Filter>
    </ClCompile>
    <ClCompile Include="Z:\Anime4K-Upscalar-macOS\windows\src\models\StreamOptimizeModels.cpp">
      <Filter>Source Files</Filter>
    </ClCompile>
    <ClCompile Include="Z:\Anime4K-Upscalar-macOS\windows\src\utils\HardwareDetector.cpp">
      <Filter>Source Files</Filter>
    </ClCompile>
    <ClCompile Include="Z:\Anime4K-Upscalar-macOS\windows\src\utils\FFmpegLocator.cpp">
      <Filter>Source Files</Filter>
    </ClCompile>
    <ClCompile Include="Z:\Anime4K-Upscalar-macOS\windows\src\utils\DurationProbe.cpp">
      <Filter>Source Files</Filter>
    </ClCompile>
    <ClCompile Include="Z:\Anime4K-Upscalar-macOS\windows\src\utils\SleepPreventer.cpp">
      <Filter>Source Files</Filter>
    </ClCompile>
    <ClCompile Include="Z:\Anime4K-Upscalar-macOS\windows\src\viewmodels\AppViewModel.cpp">
      <Filter>Source Files</Filter>
    </ClCompile>
    <ClCompile Include="Z:\Anime4K-Upscalar-macOS\windows\src\viewmodels\ProcessingEngine.cpp">
      <Filter>Source Files</Filter>
    </ClCompile>
    <ClCompile Include="Z:\Anime4K-Upscalar-macOS\windows\src\viewmodels\CompressViewModel.cpp">
      <Filter>Source Files</Filter>
    </ClCompile>
    <ClCompile Include="Z:\Anime4K-Upscalar-macOS\windows\src\viewmodels\StreamOptimizeViewModel.cpp">
      <Filter>Source Files</Filter>
    </ClCompile>
    <ClCompile Include="Z:\Anime4K-Upscalar-macOS\windows\src\ui\MainWindow.cpp">
      <Filter>Source Files</Filter>
    </ClCompile>
    <ClCompile Include="Z:\Anime4K-Upscalar-macOS\windows\src\ui\UpscaleTab.cpp">
      <Filter>Source Files</Filter>
    </ClCompile>
    <ClCompile Include="Z:\Anime4K-Upscalar-macOS\windows\src\ui\FileListPanel.cpp">
      <Filter>Source Files</Filter>
    </ClCompile>
    <ClCompile Include="Z:\Anime4K-Upscalar-macOS\windows\src\ui\EmptyStateWidget.cpp">
      <Filter>Source Files</Filter>
    </ClCompile>
    <ClCompile Include="Z:\Anime4K-Upscalar-macOS\windows\src\ui\ConfigurationPanel.cpp">
      <Filter>Source Files</Filter>
    </ClCompile>
    <ClCompile Include="Z:\Anime4K-Upscalar-macOS\windows\src\ui\ModePickerWidget.cpp">
      <Filter>Source Files</Filter>
    </ClCompile>
    <ClCompile Include="Z:\Anime4K-Upscalar-macOS\windows\src\ui\ProcessingPanel.cpp">
      <Filter>Source Files</Filter>
    </ClCompile>
    <ClCompile Include="Z:\Anime4K-Upscalar-macOS\windows\src\ui\ProgressRowWidget.cpp">
      <Filter>Source Files</Filter>
    </ClCompile>
    <ClCompile Include="Z:\Anime4K-Upscalar-macOS\windows\src\ui\CompressTab.cpp">
      <Filter>Source Files</Filter>
    </ClCompile>
    <ClCompile Include="Z:\Anime4K-Upscalar-macOS\windows\src\ui\StreamOptimizeTab.cpp">
      <Filter>Source Files</Filter>
    </ClCompile>
    <ClCompile Include="Z:\Anime4K-Upscalar-macOS\windows\src\ui\QualityTuneTab.cpp">
      <Filter>Source Files</Filter>
    </ClCompile>
    <ClCompile Include="Z:\Anime4K-Upscalar-macOS\windows\build-x64\Anime4KUpscaler_autogen\3YJK5W5UP7\qrc_resources.cpp">
      <Filter>Source Files</Filter>
    </ClCompile>
    <ClCompile Include="Z:\Anime4K-Upscalar-macOS\windows\build-x64\Anime4KUpscaler_autogen\mocs_compilation_Release.cpp">
      <Filter>Source Files</Filter>
    </ClCompile>
    <ClCompile Include="Z:\Anime4K-Upscalar-macOS\windows\build-x64\Anime4KUpscaler_autogen\mocs_compilation_MinSizeRel.cpp">
      <Filter>Source Files</Filter>
    </ClCompile>
    <ClCompile Include="Z:\Anime4K-Upscalar-macOS\windows\build-x64\Anime4KUpscaler_autogen\mocs_compilation_RelWithDebInfo.cpp">
      <Filter>Source Files</Filter>
    </ClCompile>
  </ItemGroup>
  <ItemGroup>
    <ClInclude Include="Z:\Anime4K-Upscalar-macOS\windows\src\models\Models.h">
      <Filter>Header Files</Filter>
    </ClInclude>
    <ClInclude Include="Z:\Anime4K-Upscalar-macOS\windows\src\models\CompressModels.h">
      <Filter>Header Files</Filter>
    </ClInclude>
    <ClInclude Include="Z:\Anime4K-Upscalar-macOS\windows\src\models\StreamOptimizeModels.h">
      <Filter>Header Files</Filter>
    </ClInclude>
    <ClInclude Include="Z:\Anime4K-Upscalar-macOS\windows\src\utils\HardwareDetector.h">
      <Filter>Header Files</Filter>
    </ClInclude>
    <ClInclude Include="Z:\Anime4K-Upscalar-macOS\windows\src\utils\FFmpegLocator.h">
      <Filter>Header Files</Filter>
    </ClInclude>
    <ClInclude Include="Z:\Anime4K-Upscalar-macOS\windows\src\utils\DurationProbe.h">
      <Filter>Header Files</Filter>
    </ClInclude>
    <ClInclude Include="Z:\Anime4K-Upscalar-macOS\windows\src\utils\SleepPreventer.h">
      <Filter>Header Files</Filter>
    </ClInclude>
    <ClInclude Include="Z:\Anime4K-Upscalar-macOS\windows\src\viewmodels\AppViewModel.h">
      <Filter>Header Files</Filter>
    </ClInclude>
    <ClInclude Include="Z:\Anime4K-Upscalar-macOS\windows\src\viewmodels\ProcessingEngine.h">
      <Filter>Header Files</Filter>
    </ClInclude>
    <ClInclude Include="Z:\Anime4K-Upscalar-macOS\windows\src\viewmodels\CompressViewModel.h">
      <Filter>Header Files</Filter>
    </ClInclude>
    <ClInclude Include="Z:\Anime4K-Upscalar-macOS\windows\src\viewmodels\StreamOptimizeViewModel.h">
      <Filter>Header Files</Filter>
    </ClInclude>
    <ClInclude Include="Z:\Anime4K-Upscalar-macOS\windows\src\ui\StyleSheet.h">
      <Filter>Header Files</Filter>
    </ClInclude>
    <ClInclude Include="Z:\Anime4K-Upscalar-macOS\windows\src\ui\MainWindow.h">
      <Filter>Header Files</Filter>
    </ClInclude>
    <ClInclude Include="Z:\Anime4K-Upscalar-macOS\windows\src\ui\UpscaleTab.h">
      <Filter>Header Files</Filter>
    </ClInclude>
    <ClInclude Include="Z:\Anime4K-Upscalar-macOS\windows\src\ui\FileListPanel.h">
      <Filter>Header Files</Filter>
    </ClInclude>
    <ClInclude Include="Z:\Anime4K-Upscalar-macOS\windows\src\ui\EmptyStateWidget.h">
      <Filter>Header Files</Filter>
    </ClInclude>
    <ClInclude Include="Z:\Anime4K-Upscalar-macOS\windows\src\ui\ConfigurationPanel.h">
      <Filter>Header Files</Filter>
    </ClInclude>
    <ClInclude Include="Z:\Anime4K-Upscalar-macOS\windows\src\ui\ModePickerWidget.h">
      <Filter>Header Files</Filter>
    </ClInclude>
    <ClInclude Include="Z:\Anime4K-Upscalar-macOS\windows\src\ui\ProcessingPanel.h">
      <Filter>Header Files</Filter>
    </ClInclude>
    <ClInclude Include="Z:\Anime4K-Upscalar-macOS\windows\src\ui\ProgressRowWidget.h">
      <Filter>Header Files</Filter>
    </ClInclude>
    <ClInclude Include="Z:\Anime4K-Upscalar-macOS\windows\src\ui\CompressTab.h">
      <Filter>Header Files</Filter>
    </ClInclude>
    <ClInclude Include="Z:\Anime4K-Upscalar-macOS\windows\src\ui\StreamOptimizeTab.h">
      <Filter>Header Files</Filter>
    </ClInclude>
    <ClInclude Include="Z:\Anime4K-Upscalar-macOS\windows\src\ui\QualityTuneTab.h">
      <Filter>Header Files</Filter>
    </ClInclude>
  </ItemGroup>
  <ItemGroup>
    <CustomBuild Include="Z:\Anime4K-Upscalar-macOS\windows\build-x64\CMakeFiles\703bf23ed9e1f553b465f58cb57c8757\qrc_resources.cpp.rule">
      <Filter>CMake Rules</Filter>
    </CustomBuild>
    <CustomBuild Include="Z:\Anime4K-Upscalar-macOS\windows\CMakeLists.txt" />
  </ItemGroup>
  <ItemGroup>
    <None Include="Z:\Anime4K-Upscalar-macOS\windows\resources\resources.qrc" />
  </ItemGroup>
  <ItemGroup>
    <ResourceCompile Include="Z:\Anime4K-Upscalar-macOS\windows\resources\app.rc">
      <Filter>Source Files</Filter>
    </ResourceCompile>
  </ItemGroup>
  <ItemGroup>
    <Filter Include="CMake Rules">
      <UniqueIdentifier>{2E49D52E-7F3F-36BA-8785-BB3D1DFD7504}</UniqueIdentifier>
    </Filter>
    <Filter Include="Header Files">
      <UniqueIdentifier>{CF42166B-D658-31F9-9EC6-2898A61BD4F5}</UniqueIdentifier>
    </Filter>
    <Filter Include="Source Files">
      <UniqueIdentifier>{1C1B406E-0008-34C6-9374-7345F75B29DB}</UniqueIdentifier>
    </Filter>
  </ItemGroup>
</Project>
