
Microsoft Visual Studio Solution File, Format Version 12.00
# Visual Studio Version 17
Project("{8BC9CEB8-8B4A-11D0-8D11-00A0C91BC942}") = "ALL_BUILD", "ALL_BUILD.vcxproj", "{18DFD966-46AF-3E53-822D-0F6FFA0115A1}"
	ProjectSection(ProjectDependencies) = postProject
		{C470A878-2A98-3680-8035-FEB464D72E05} = {C470A878-2A98-3680-8035-FEB464D72E05}
		{1F584304-4C6F-3438-99C8-3AB3B08A1EA9} = {1F584304-4C6F-3438-99C8-3AB3B08A1EA9}
	EndProjectSection
EndProject
Project("{8BC9CEB8-8B4A-11D0-8D11-00A0C91BC942}") = "Anime4KUpscaler", "Anime4KUpscaler.vcxproj", "{C470A878-2A98-3680-8035-FEB464D72E05}"
	ProjectSection(ProjectDependencies) = postProject
		{1F584304-4C6F-3438-99C8-3AB3B08A1EA9} = {1F584304-4C6F-3438-99C8-3AB3B08A1EA9}
	EndProjectSection
EndProject
Project("{8BC9CEB8-8B4A-11D0-8D11-00A0C91BC942}") = "INSTALL", "INSTALL.vcxproj", "{5B557599-2E61-328A-8C0B-CB95EF48754B}"
	ProjectSection(ProjectDependencies) = postProject
		{18DFD966-46AF-3E53-822D-0F6FFA0115A1} = {18DFD966-46AF-3E53-822D-0F6FFA0115A1}
		{1F584304-4C6F-3438-99C8-3AB3B08A1EA9} = {1F584304-4C6F-3438-99C8-3AB3B08A1EA9}
	EndProjectSection
EndProject
Project("{8BC9CEB8-8B4A-11D0-8D11-00A0C91BC942}") = "ZERO_CHECK", "ZERO_CHECK.vcxproj", "{1F584304-4C6F-3438-99C8-3AB3B08A1EA9}"
	ProjectSection(ProjectDependencies) = postProject
	EndProjectSection
EndProject
Global
	GlobalSection(SolutionConfigurationPlatforms) = preSolution
		Debug|x64 = Debug|x64
		Release|x64 = Release|x64
		MinSizeRel|x64 = MinSizeRel|x64
		RelWithDebInfo|x64 = RelWithDebInfo|x64
	EndGlobalSection
	GlobalSection(ProjectConfigurationPlatforms) = postSolution
		{18DFD966-46AF-3E53-822D-0F6FFA0115A1}.Debug|x64.ActiveCfg = Debug|x64
		{18DFD966-46AF-3E53-822D-0F6FFA0115A1}.Debug|x64.Build.0 = Debug|x64
		{18DFD966-46AF-3E53-822D-0F6FFA0115A1}.Release|x64.ActiveCfg = Release|x64
		{18DFD966-46AF-3E53-822D-0F6FFA0115A1}.Release|x64.Build.0 = Release|x64
		{18DFD966-46AF-3E53-822D-0F6FFA0115A1}.MinSizeRel|x64.ActiveCfg = MinSizeRel|x64
		{18DFD966-46AF-3E53-822D-0F6FFA0115A1}.MinSizeRel|x64.Build.0 = MinSizeRel|x64
		{18DFD966-46AF-3E53-822D-0F6FFA0115A1}.RelWithDebInfo|x64.ActiveCfg = RelWithDebInfo|x64
		{18DFD966-46AF-3E53-822D-0F6FFA0115A1}.RelWithDebInfo|x64.Build.0 = RelWithDebInfo|x64
		{C470A878-2A98-3680-8035-FEB464D72E05}.Debug|x64.ActiveCfg = Debug|x64
		{C470A878-2A98-3680-8035-FEB464D72E05}.Debug|x64.Build.0 = Debug|x64
		{C470A878-2A98-3680-8035-FEB464D72E05}.Release|x64.ActiveCfg = Release|x64
		{C470A878-2A98-3680-8035-FEB464D72E05}.Release|x64.Build.0 = Release|x64
		{C470A878-2A98-3680-8035-FEB464D72E05}.MinSizeRel|x64.ActiveCfg = MinSizeRel|x64
		{C470A878-2A98-3680-8035-FEB464D72E05}.MinSizeRel|x64.Build.0 = MinSizeRel|x64
		{C470A878-2A98-3680-8035-FEB464D72E05}.RelWithDebInfo|x64.ActiveCfg = RelWithDebInfo|x64
		{C470A878-2A98-3680-8035-FEB464D72E05}.RelWithDebInfo|x64.Build.0 = RelWithDebInfo|x64
		{5B557599-2E61-328A-8C0B-CB95EF48754B}.Debug|x64.ActiveCfg = Debug|x64
		{5B557599-2E61-328A-8C0B-CB95EF48754B}.Release|x64.ActiveCfg = Release|x64
		{5B557599-2E61-328A-8C0B-CB95EF48754B}.MinSizeRel|x64.ActiveCfg = MinSizeRel|x64
		{5B557599-2E61-328A-8C0B-CB95EF48754B}.RelWithDebInfo|x64.ActiveCfg = RelWithDebInfo|x64
		{1F584304-4C6F-3438-99C8-3AB3B08A1EA9}.Debug|x64.ActiveCfg = Debug|x64
		{1F584304-4C6F-3438-99C8-3AB3B08A1EA9}.Debug|x64.Build.0 = Debug|x64
		{1F584304-4C6F-3438-99C8-3AB3B08A1EA9}.Release|x64.ActiveCfg = Release|x64
		{1F584304-4C6F-3438-99C8-3AB3B08A1EA9}.Release|x64.Build.0 = Release|x64
		{1F584304-4C6F-3438-99C8-3AB3B08A1EA9}.MinSizeRel|x64.ActiveCfg = MinSizeRel|x64
		{1F584304-4C6F-3438-99C8-3AB3B08A1EA9}.MinSizeRel|x64.Build.0 = MinSizeRel|x64
		{1F584304-4C6F-3438-99C8-3AB3B08A1EA9}.RelWithDebInfo|x64.ActiveCfg = RelWithDebInfo|x64
		{1F584304-4C6F-3438-99C8-3AB3B08A1EA9}.RelWithDebInfo|x64.Build.0 = RelWithDebInfo|x64
	EndGlobalSection
	GlobalSection(ExtensibilityGlobals) = postSolution
		SolutionGuid = {F4B3FFBA-3639-3D92-8819-8792BD2864CD}
	EndGlobalSection
	GlobalSection(ExtensibilityAddIns) = postSolution
	EndGlobalSection
EndGlobal
